// !$*UTF8*$!
{
	archiveVersion = 1;
	classes = {
	};
	objectVersion = 56;
	objects = {

/* Begin PBXBuildFile section */
		966F29BD2AE0DAC5005D606B /* AppDelegate.swift in Sources */ = {isa = PBXBuildFile; fileRef = 966F29BC2AE0DAC5005D606B /* AppDelegate.swift */; };
		966F29BF2AE0DAC5005D606B /* SceneDelegate.swift in Sources */ = {isa = PBXBuildFile; fileRef = 966F29BE2AE0DAC5005D606B /* SceneDelegate.swift */; };
		966F29C12AE0DAC5005D606B /* ViewController.swift in Sources */ = {isa = PBXBuildFile; fileRef = 966F29C02AE0DAC5005D606B /* ViewController.swift */; };
		966F29C42AE0DAC5005D606B /* Main.storyboard in Resources */ = {isa = PBXBuildFile; fileRef = 966F29C22AE0DAC5005D606B /* Main.storyboard */; };
		966F29C72AE0DAC5005D606B /* Day4.xcdatamodeld in Sources */ = {isa = PBXBuildFile; fileRef = 966F29C52AE0DAC5005D606B /* Day4.xcdatamodeld */; };
		966F29C92AE0DAC6005D606B /* Assets.xcassets in Resources */ = {isa = PBXBuildFile; fileRef = 966F29C82AE0DAC6005D606B /* Assets.xcassets */; };
		966F29CC2AE0DAC6005D606B /* LaunchScreen.storyboard in Resources */ = {isa = PBXBuildFile; fileRef = 966F29CA2AE0DAC6005D606B /* LaunchScreen.storyboard */; };
		966F29D72AE0DAC6005D606B /* Day4Tests.swift in Sources */ = {isa = PBXBuildFile; fileRef = 966F29D62AE0DAC6005D606B /* Day4Tests.swift */; };
		966F29E12AE0DAC6005D606B /* Day4UITests.swift in Sources */ = {isa = PBXBuildFile; fileRef = 966F29E02AE0DAC6005D606B /* Day4UITests.swift */; };
		966F29E32AE0DAC6005D606B /* Day4UITestsLaunchTests.swift in Sources */ = {isa = PBXBuildFile; fileRef = 966F29E22AE0DAC6005D606B /* Day4UITestsLaunchTests.swift */; };
		966F29F22AE0DB99005D606B /* PokemonTableViewCell.swift in Sources */ = {isa = PBXBuildFile; fileRef = 966F29F02AE0DB99005D606B /* PokemonTableViewCell.swift */; };
		966F29F32AE0DB99005D606B /* PokemonTableViewCell.xib in Resources */ = {isa = PBXBuildFile; fileRef = 966F29F12AE0DB99005D606B /* PokemonTableViewCell.xib */; };
		966F29F62AE0DC65005D606B /* PokemonModel.swift in Sources */ = {isa = PBXBuildFile; fileRef = 966F29F52AE0DC65005D606B /* PokemonModel.swift */; };
		966F2A012AE10D5E005D606B /* ViewModel.swift in Sources */ = {isa = PBXBuildFile; fileRef = 966F2A002AE10D5E005D606B /* ViewModel.swift */; };
/* End PBXBuildFile section */

/* Begin PBXContainerItemProxy section */
		966F29D32AE0DAC6005D606B /* PBXContainerItemProxy */ = {
			isa = PBXContainerItemProxy;
			containerPortal = 966F29B12AE0DAC5005D606B /* Project object */;
			proxyType = 1;
			remoteGlobalIDString = 966F29B82AE0DAC5005D606B;
			remoteInfo = Day4;
		};
		966F29DD2AE0DAC6005D606B /* PBXContainerItemProxy */ = {
			isa = PBXContainerItemProxy;
			containerPortal = 966F29B12AE0DAC5005D606B /* Project object */;
			proxyType = 1;
			remoteGlobalIDString = 966F29B82AE0DAC5005D606B;
			remoteInfo = Day4;
		};
/* End PBXContainerItemProxy section */

/* Begin PBXFileReference section */
		966F29B92AE0DAC5005D606B /* Day4.app */ = {isa = PBXFileReference; explicitFileType = wrapper.application; includeInIndex = 0; path = Day4.app; sourceTree = BUILT_PRODUCTS_DIR; };
		966F29BC2AE0DAC5005D606B /* AppDelegate.swift */ = {isa = PBXFileReference; lastKnownFileType = sourcecode.swift; path = AppDelegate.swift; sourceTree = "<group>"; };
		966F29BE2AE0DAC5005D606B /* SceneDelegate.swift */ = {isa = PBXFileReference; lastKnownFileType = sourcecode.swift; path = SceneDelegate.swift; sourceTree = "<group>"; };
		966F29C02AE0DAC5005D606B /* ViewController.swift */ = {isa = PBXFileReference; lastKnownFileType = sourcecode.swift; path = ViewController.swift; sourceTree = "<group>"; };
		966F29C32AE0DAC5005D606B /* Base */ = {isa = PBXFileReference; lastKnownFileType = file.storyboard; name = Base; path = Base.lproj/Main.storyboard; sourceTree = "<group>"; };
		966F29C62AE0DAC5005D606B /* Day4.xcdatamodel */ = {isa = PBXFileReference; lastKnownFileType = wrapper.xcdatamodel; path = Day4.xcdatamodel; sourceTree = "<group>"; };
		966F29C82AE0DAC6005D606B /* Assets.xcassets */ = {isa = PBXFileReference; lastKnownFileType = folder.assetcatalog; path = Assets.xcassets; sourceTree = "<group>"; };
		966F29CB2AE0DAC6005D606B /* Base */ = {isa = PBXFileReference; lastKnownFileType = file.storyboard; name = Base; path = Base.lproj/LaunchScreen.storyboard; sourceTree = "<group>"; };
		966F29CD2AE0DAC6005D606B /* Info.plist */ = {isa = PBXFileReference; lastKnownFileType = text.plist.xml; path = Info.plist; sourceTree = "<group>"; };
		966F29D22AE0DAC6005D606B /* Day4Tests.xctest */ = {isa = PBXFileReference; explicitFileType = wrapper.cfbundle; includeInIndex = 0; path = Day4Tests.xctest; sourceTree = BUILT_PRODUCTS_DIR; };
		966F29D62AE0DAC6005D606B /* Day4Tests.swift */ = {isa = PBXFileReference; lastKnownFileType = sourcecode.swift; path = Day4Tests.swift; sourceTree = "<group>"; };
		966F29DC2AE0DAC6005D606B /* Day4UITests.xctest */ = {isa = PBXFileReference; explicitFileType = wrapper.cfbundle; includeInIndex = 0; path = Day4UITests.xctest; sourceTree = BUILT_PRODUCTS_DIR; };
		966F29E02AE0DAC6005D606B /* Day4UITests.swift */ = {isa = PBXFileReference; lastKnownFileType = sourcecode.swift; path = Day4UITests.swift; sourceTree = "<group>"; };
		966F29E22AE0DAC6005D606B /* Day4UITestsLaunchTests.swift */ = {isa = PBXFileReference; lastKnownFileType = sourcecode.swift; path = Day4UITestsLaunchTests.swift; sourceTree = "<group>"; };
		966F29F02AE0DB99005D606B /* PokemonTableViewCell.swift */ = {isa = PBXFileReference; lastKnownFileType = sourcecode.swift; path = PokemonTableViewCell.swift; sourceTree = "<group>"; };
		966F29F12AE0DB99005D606B /* PokemonTableViewCell.xib */ = {isa = PBXFileReference; lastKnownFileType = file.xib; path = PokemonTableViewCell.xib; sourceTree = "<group>"; };
		966F29F52AE0DC65005D606B /* PokemonModel.swift */ = {isa = PBXFileReference; lastKnownFileType = sourcecode.swift; path = PokemonModel.swift; sourceTree = "<group>"; };
		966F2A002AE10D5E005D606B /* ViewModel.swift */ = {isa = PBXFileReference; lastKnownFileType = sourcecode.swift; path = ViewModel.swift; sourceTree = "<group>"; };
/* End PBXFileReference section */

/* Begin PBXFrameworksBuildPhase section */
		966F29B62AE0DAC5005D606B /* Frameworks */ = {
			isa = PBXFrameworksBuildPhase;
			buildActionMask = 2147483647;
			files = (
			);
			runOnlyForDeploymentPostprocessing = 0;
		};
		966F29CF2AE0DAC6005D606B /* Frameworks */ = {
			isa = PBXFrameworksBuildPhase;
			buildActionMask = 2147483647;
			files = (
			);
			runOnlyForDeploymentPostprocessing = 0;
		};
		966F29D92AE0DAC6005D606B /* Frameworks */ = {
			isa = PBXFrameworksBuildPhase;
			buildActionMask = 2147483647;
			files = (
			);
			runOnlyForDeploymentPostprocessing = 0;
		};
/* End PBXFrameworksBuildPhase section */

/* Begin PBXGroup section */
		966F29B02AE0DAC5005D606B = {
			isa = PBXGroup;
			children = (
				966F29BB2AE0DAC5005D606B /* Day4 */,
				966F29D52AE0DAC6005D606B /* Day4Tests */,
				966F29DF2AE0DAC6005D606B /* Day4UITests */,
				966F29BA2AE0DAC5005D606B /* Products */,
			);
			sourceTree = "<group>";
		};
		966F29BA2AE0DAC5005D606B /* Products */ = {
			isa = PBXGroup;
			children = (
				966F29B92AE0DAC5005D606B /* Day4.app */,
				966F29D22AE0DAC6005D606B /* Day4Tests.xctest */,
				966F29DC2AE0DAC6005D606B /* Day4UITests.xctest */,
			);
			name = Products;
			sourceTree = "<group>";
		};
		966F29BB2AE0DAC5005D606B /* Day4 */ = {
			isa = PBXGroup;
			children = (
				966F29FE2AE10D0A005D606B /* View */,
				966F29FF2AE10D12005D606B /* View Model */,
				966F29F42AE0DC55005D606B /* Entity */,
				966F29EF2AE0DB44005D606B /* TableCell */,
				966F29BC2AE0DAC5005D606B /* AppDelegate.swift */,
				966F29BE2AE0DAC5005D606B /* SceneDelegate.swift */,
				966F29C22AE0DAC5005D606B /* Main.storyboard */,
				966F29C82AE0DAC6005D606B /* Assets.xcassets */,
				966F29CA2AE0DAC6005D606B /* LaunchScreen.storyboard */,
				966F29CD2AE0DAC6005D606B /* Info.plist */,
				966F29C52AE0DAC5005D606B /* Day4.xcdatamodeld */,
			);
			path = Day4;
			sourceTree = "<group>";
		};
		966F29D52AE0DAC6005D606B /* Day4Tests */ = {
			isa = PBXGroup;
			children = (
				966F29D62AE0DAC6005D606B /* Day4Tests.swift */,
			);
			path = Day4Tests;
			sourceTree = "<group>";
		};
		966F29DF2AE0DAC6005D606B /* Day4UITests */ = {
			isa = PBXGroup;
			children = (
				966F29E02AE0DAC6005D606B /* Day4UITests.swift */,
				966F29E22AE0DAC6005D606B /* Day4UITestsLaunchTests.swift */,
			);
			path = Day4UITests;
			sourceTree = "<group>";
		};
		966F29EF2AE0DB44005D606B /* TableCell */ = {
			isa = PBXGroup;
			children = (
				966F29F02AE0DB99005D606B /* PokemonTableViewCell.swift */,
				966F29F12AE0DB99005D606B /* PokemonTableViewCell.xib */,
			);
			path = TableCell;
			sourceTree = "<group>";
		};
		966F29F42AE0DC55005D606B /* Entity */ = {
			isa = PBXGroup;
			children = (
				966F29F52AE0DC65005D606B /* PokemonModel.swift */,
			);
			path = Entity;
			sourceTree = "<group>";
		};
		966F29FE2AE10D0A005D606B /* View */ = {
			isa = PBXGroup;
			children = (
				966F29C02AE0DAC5005D606B /* ViewController.swift */,
			);
			path = View;
			sourceTree = "<group>";
		};
		966F29FF2AE10D12005D606B /* View Model */ = {
			isa = PBXGroup;
			children = (
				966F2A002AE10D5E005D606B /* ViewModel.swift */,
			);
			path = "View Model";
			sourceTree = "<group>";
		};
/* End PBXGroup section */

/* Begin PBXNativeTarget section */
		966F29B82AE0DAC5005D606B /* Day4 */ = {
			isa = PBXNativeTarget;
			buildConfigurationList = 966F29E62AE0DAC6005D606B /* Build configuration list for PBXNativeTarget "Day4" */;
			buildPhases = (
				966F29B52AE0DAC5005D606B /* Sources */,
				966F29B62AE0DAC5005D606B /* Frameworks */,
				966F29B72AE0DAC5005D606B /* Resources */,
			);
			buildRules = (
			);
			dependencies = (
			);
			name = Day4;
			productName = Day4;
			productReference = 966F29B92AE0DAC5005D606B /* Day4.app */;
			productType = "com.apple.product-type.application";
		};
		966F29D12AE0DAC6005D606B /* Day4Tests */ = {
			isa = PBXNativeTarget;
			buildConfigurationList = 966F29E92AE0DAC6005D606B /* Build configuration list for PBXNativeTarget "Day4Tests" */;
			buildPhases = (
				966F29CE2AE0DAC6005D606B /* Sources */,
				966F29CF2AE0DAC6005D606B /* Frameworks */,
				966F29D02AE0DAC6005D606B /* Resources */,
			);
			buildRules = (
			);
			dependencies = (
				966F29D42AE0DAC6005D606B /* PBXTargetDependency */,
			);
			name = Day4Tests;
			productName = Day4Tests;
			productReference = 966F29D22AE0DAC6005D606B /* Day4Tests.xctest */;
			productType = "com.apple.product-type.bundle.unit-test";
		};
		966F29DB2AE0DAC6005D606B /* Day4UITests */ = {
			isa = PBXNativeTarget;
			buildConfigurationList = 966F29EC2AE0DAC6005D606B /* Build configuration list for PBXNativeTarget "Day4UITests" */;
			buildPhases = (
				966F29D82AE0DAC6005D606B /* Sources */,
				966F29D92AE0DAC6005D606B /* Frameworks */,
				966F29DA2AE0DAC6005D606B /* Resources */,
			);
			buildRules = (
			);
			dependencies = (
				966F29DE2AE0DAC6005D606B /* PBXTargetDependency */,
			);
			name = Day4UITests;
			productName = Day4UITests;
			productReference = 966F29DC2AE0DAC6005D606B /* Day4UITests.xctest */;
			productType = "com.apple.product-type.bundle.ui-testing";
		};
/* End PBXNativeTarget section */

/* Begin PBXProject section */
		966F29B12AE0DAC5005D606B /* Project object */ = {
			isa = PBXProject;
			attributes = {
				BuildIndependentTargetsInParallel = 1;
				LastSwiftUpdateCheck = 1500;
				LastUpgradeCheck = 1500;
				TargetAttributes = {
					966F29B82AE0DAC5005D606B = {
						CreatedOnToolsVersion = 15.0;
					};
					966F29D12AE0DAC6005D606B = {
						CreatedOnToolsVersion = 15.0;
						TestTargetID = 966F29B82AE0DAC5005D606B;
					};
					966F29DB2AE0DAC6005D606B = {
						CreatedOnToolsVersion = 15.0;
						TestTargetID = 966F29B82AE0DAC5005D606B;
					};
				};
			};
			buildConfigurationList = 966F29B42AE0DAC5005D606B /* Build configuration list for PBXProject "Day4" */;
			compatibilityVersion = "Xcode 14.0";
			developmentRegion = en;
			hasScannedForEncodings = 0;
			knownRegions = (
				en,
				Base,
			);
			mainGroup = 966F29B02AE0DAC5005D606B;
			productRefGroup = 966F29BA2AE0DAC5005D606B /* Products */;
			projectDirPath = "";
			projectRoot = "";
			targets = (
				966F29B82AE0DAC5005D606B /* Day4 */,
				966F29D12AE0DAC6005D606B /* Day4Tests */,
				966F29DB2AE0DAC6005D606B /* Day4UITests */,
			);
		};
/* End PBXProject section */

/* Begin PBXResourcesBuildPhase section */
		966F29B72AE0DAC5005D606B /* Resources */ = {
			isa = PBXResourcesBuildPhase;
			buildActionMask = 2147483647;
			files = (
				966F29CC2AE0DAC6005D606B /* LaunchScreen.storyboard in Resources */,
				966F29F32AE0DB99005D606B /* PokemonTableViewCell.xib in Resources */,
				966F29C92AE0DAC6005D606B /* Assets.xcassets in Resources */,
				966F29C42AE0DAC5005D606B /* Main.storyboard in Resources */,
			);
			runOnlyForDeploymentPostprocessing = 0;
		};
		966F29D02AE0DAC6005D606B /* Resources */ = {
			isa = PBXResourcesBuildPhase;
			buildActionMask = 2147483647;
			files = (
			);
			runOnlyForDeploymentPostprocessing = 0;
		};
		966F29DA2AE0DAC6005D606B /* Resources */ = {
			isa = PBXResourcesBuildPhase;
			buildActionMask = 2147483647;
			files = (
			);
			runOnlyForDeploymentPostprocessing = 0;
		};
/* End PBXResourcesBuildPhase section */

/* Begin PBXSourcesBuildPhase section */
		966F29B52AE0DAC5005D606B /* Sources */ = {
			isa = PBXSourcesBuildPhase;
			buildActionMask = 2147483647;
			files = (
				966F29C12AE0DAC5005D606B /* ViewController.swift in Sources */,
				966F29BD2AE0DAC5005D606B /* AppDelegate.swift in Sources */,
				966F29BF2AE0DAC5005D606B /* SceneDelegate.swift in Sources */,
				966F29F22AE0DB99005D606B /* PokemonTableViewCell.swift in Sources */,
				966F29C72AE0DAC5005D606B /* Day4.xcdatamodeld in Sources */,
				966F29F62AE0DC65005D606B /* PokemonModel.swift in Sources */,
				966F2A012AE10D5E005D606B /* ViewModel.swift in Sources */,
			);
			runOnlyForDeploymentPostprocessing = 0;
		};
		966F29CE2AE0DAC6005D606B /* Sources */ = {
			isa = PBXSourcesBuildPhase;
			buildActionMask = 2147483647;
			files = (
				966F29D72AE0DAC6005D606B /* Day4Tests.swift in Sources */,
			);
			runOnlyForDeploymentPostprocessing = 0;
		};
		966F29D82AE0DAC6005D606B /* Sources */ = {
			isa = PBXSourcesBuildPhase;
			buildActionMask = 2147483647;
			files = (
				966F29E32AE0DAC6005D606B /* Day4UITestsLaunchTests.swift in Sources */,
				966F29E12AE0DAC6005D606B /* Day4UITests.swift in Sources */,
			);
			runOnlyForDeploymentPostprocessing = 0;
		};
/* End PBXSourcesBuildPhase section */

/* Begin PBXTargetDependency section */
		966F29D42AE0DAC6005D606B /* PBXTargetDependency */ = {
			isa = PBXTargetDependency;
			target = 966F29B82AE0DAC5005D606B /* Day4 */;
			targetProxy = 966F29D32AE0DAC6005D606B /* PBXContainerItemProxy */;
		};
		966F29DE2AE0DAC6005D606B /* PBXTargetDependency */ = {
			isa = PBXTargetDependency;
			target = 966F29B82AE0DAC5005D606B /* Day4 */;
			targetProxy = 966F29DD2AE0DAC6005D606B /* PBXContainerItemProxy */;
		};
/* End PBXTargetDependency section */

/* Begin PBXVariantGroup section */
		966F29C22AE0DAC5005D606B /* Main.storyboard */ = {
			isa = PBXVariantGroup;
			children = (
				966F29C32AE0DAC5005D606B /* Base */,
			);
			name = Main.storyboard;
			sourceTree = "<group>";
		};
		966F29CA2AE0DAC6005D606B /* LaunchScreen.storyboard */ = {
			isa = PBXVariantGroup;
			children = (
				966F29CB2AE0DAC6005D606B /* Base */,
			);
			name = LaunchScreen.storyboard;
			sourceTree = "<group>";
		};
/* End PBXVariantGroup section */

/* Begin XCBuildConfiguration section */
		966F29E42AE0DAC6005D606B /* Debug */ = {
			isa = XCBuildConfiguration;
			buildSettings = {
				ALWAYS_SEARCH_USER_PATHS = NO;
				ASSETCATALOG_COMPILER_GENERATE_SWIFT_ASSET_SYMBOL_EXTENSIONS = YES;
				CLANG_ANALYZER_NONNULL = YES;
				CLANG_ANALYZER_NUMBER_OBJECT_CONVERSION = YES_AGGRESSIVE;
				CLANG_CXX_LANGUAGE_STANDARD = "gnu++20";
				CLANG_ENABLE_MODULES = YES;
				CLANG_ENABLE_OBJC_ARC = YES;
				CLANG_ENABLE_OBJC_WEAK = YES;
				CLANG_WARN_BLOCK_CAPTURE_AUTORELEASING = YES;
				CLANG_WARN_BOOL_CONVERSION = YES;
				CLANG_WARN_COMMA = YES;
				CLANG_WARN_CONSTANT_CONVERSION = YES;
				CLANG_WARN_DEPRECATED_OBJC_IMPLEMENTATIONS = YES;
				CLANG_WARN_DIRECT_OBJC_ISA_USAGE = YES_ERROR;
				CLANG_WARN_DOCUMENTATION_COMMENTS = YES;
				CLANG_WARN_EMPTY_BODY = YES;
				CLANG_WARN_ENUM_CONVERSION = YES;
				CLANG_WARN_INFINITE_RECURSION = YES;
				CLANG_WARN_INT_CONVERSION = YES;
				CLANG_WARN_NON_LITERAL_NULL_CONVERSION = YES;
				CLANG_WARN_OBJC_IMPLICIT_RETAIN_SELF = YES;
				CLANG_WARN_OBJC_LITERAL_CONVERSION = YES;
				CLANG_WARN_OBJC_ROOT_CLASS = YES_ERROR;
				CLANG_WARN_QUOTED_INCLUDE_IN_FRAMEWORK_HEADER = YES;
				CLANG_WARN_RANGE_LOOP_ANALYSIS = YES;
				CLANG_WARN_STRICT_PROTOTYPES = YES;
				CLANG_WARN_SUSPICIOUS_MOVE = YES;
				CLANG_WARN_UNGUARDED_AVAILABILITY = YES_AGGRESSIVE;
				CLANG_WARN_UNREACHABLE_CODE = YES;
				CLANG_WARN__DUPLICATE_METHOD_MATCH = YES;
				COPY_PHASE_STRIP = NO;
				DEBUG_INFORMATION_FORMAT = dwarf;
				ENABLE_STRICT_OBJC_MSGSEND = YES;
				ENABLE_TESTABILITY = YES;
				ENABLE_USER_SCRIPT_SANDBOXING = YES;
				GCC_C_LANGUAGE_STANDARD = gnu17;
				GCC_DYNAMIC_NO_PIC = NO;
				GCC_NO_COMMON_BLOCKS = YES;
				GCC_OPTIMIZATION_LEVEL = 0;
				GCC_PREPROCESSOR_DEFINITIONS = (
					"DEBUG=1",
					"$(inherited)",
				);
				GCC_WARN_64_TO_32_BIT_CONVERSION = YES;
				GCC_WARN_ABOUT_RETURN_TYPE = YES_ERROR;
				GCC_WARN_UNDECLARED_SELECTOR = YES;
				GCC_WARN_UNINITIALIZED_AUTOS = YES_AGGRESSIVE;
				GCC_WARN_UNUSED_FUNCTION = YES;
				GCC_WARN_UNUSED_VARIABLE = YES;
				IPHONEOS_DEPLOYMENT_TARGET = 17.0;
				LOCALIZATION_PREFERS_STRING_CATALOGS = YES;
				MTL_ENABLE_DEBUG_INFO = INCLUDE_SOURCE;
				MTL_FAST_MATH = YES;
				ONLY_ACTIVE_ARCH = YES;
				SDKROOT = iphoneos;
				SWIFT_ACTIVE_COMPILATION_CONDITIONS = "DEBUG $(inherited)";
				SWIFT_OPTIMIZATION_LEVEL = "-Onone";
			};
			name = Debug;
		};
		966F29E52AE0DAC6005D606B /* Release */ = {
			isa = XCBuildConfiguration;
			buildSettings = {
				ALWAYS_SEARCH_USER_PATHS = NO;
				ASSETCATALOG_COMPILER_GENERATE_SWIFT_ASSET_SYMBOL_EXTENSIONS = YES;
				CLANG_ANALYZER_NONNULL = YES;
				CLANG_ANALYZER_NUMBER_OBJECT_CONVERSION = YES_AGGRESSIVE;
				CLANG_CXX_LANGUAGE_STANDARD = "gnu++20";
				CLANG_ENABLE_MODULES = YES;
				CLANG_ENABLE_OBJC_ARC = YES;
				CLANG_ENABLE_OBJC_WEAK = YES;
				CLANG_WARN_BLOCK_CAPTURE_AUTORELEASING = YES;
				CLANG_WARN_BOOL_CONVERSION = YES;
				CLANG_WARN_COMMA = YES;
				CLANG_WARN_CONSTANT_CONVERSION = YES;
				CLANG_WARN_DEPRECATED_OBJC_IMPLEMENTATIONS = YES;
				CLANG_WARN_DIRECT_OBJC_ISA_USAGE = YES_ERROR;
				CLANG_WARN_DOCUMENTATION_COMMENTS = YES;
				CLANG_WARN_EMPTY_BODY = YES;
				CLANG_WARN_ENUM_CONVERSION = YES;
				CLANG_WARN_INFINITE_RECURSION = YES;
				CLANG_WARN_INT_CONVERSION = YES;
				CLANG_WARN_NON_LITERAL_NULL_CONVERSION = YES;
				CLANG_WARN_OBJC_IMPLICIT_RETAIN_SELF = YES;
				CLANG_WARN_OBJC_LITERAL_CONVERSION = YES;
				CLANG_WARN_OBJC_ROOT_CLASS = YES_ERROR;
				CLANG_WARN_QUOTED_INCLUDE_IN_FRAMEWORK_HEADER = YES;
				CLANG_WARN_RANGE_LOOP_ANALYSIS = YES;
				CLANG_WARN_STRICT_PROTOTYPES = YES;
				CLANG_WARN_SUSPICIOUS_MOVE = YES;
				CLANG_WARN_UNGUARDED_AVAILABILITY = YES_AGGRESSIVE;
				CLANG_WARN_UNREACHABLE_CODE = YES;
				CLANG_WARN__DUPLICATE_METHOD_MATCH = YES;
				COPY_PHASE_STRIP = NO;
				DEBUG_INFORMATION_FORMAT = "dwarf-with-dsym";
				ENABLE_NS_ASSERTIONS = NO;
				ENABLE_STRICT_OBJC_MSGSEND = YES;
				ENABLE_USER_SCRIPT_SANDBOXING = YES;
				GCC_C_LANGUAGE_STANDARD = gnu17;
				GCC_NO_COMMON_BLOCKS = YES;
				GCC_WARN_64_TO_32_BIT_CONVERSION = YES;
				GCC_WARN_ABOUT_RETURN_TYPE = YES_ERROR;
				GCC_WARN_UNDECLARED_SELECTOR = YES;
				GCC_WARN_UNINITIALIZED_AUTOS = YES_AGGRESSIVE;
				GCC_WARN_UNUSED_FUNCTION = YES;
				GCC_WARN_UNUSED_VARIABLE = YES;
				IPHONEOS_DEPLOYMENT_TARGET = 17.0;
				LOCALIZATION_PREFERS_STRING_CATALOGS = YES;
				MTL_ENABLE_DEBUG_INFO = NO;
				MTL_FAST_MATH = YES;
				SDKROOT = iphoneos;
				SWIFT_COMPILATION_MODE = wholemodule;
				VALIDATE_PRODUCT = YES;
			};
			name = Release;
		};
		966F29E72AE0DAC6005D606B /* Debug */ = {
			isa = XCBuildConfiguration;
			buildSettings = {
				ASSETCATALOG_COMPILER_APPICON_NAME = AppIcon;
				ASSETCATALOG_COMPILER_GLOBAL_ACCENT_COLOR_NAME = AccentColor;
				CODE_SIGN_STYLE = Automatic;
				CURRENT_PROJECT_VERSION = 1;
				DEVELOPMENT_TEAM = FZ22T3BM95;
				GENERATE_INFOPLIST_FILE = YES;
				INFOPLIST_FILE = Day4/Info.plist;
				INFOPLIST_KEY_UIApplicationSupportsIndirectInputEvents = YES;
				INFOPLIST_KEY_UILaunchStoryboardName = LaunchScreen;
				INFOPLIST_KEY_UIMainStoryboardFile = Main;
				INFOPLIST_KEY_UISupportedInterfaceOrientations_iPad = "UIInterfaceOrientationPortrait UIInterfaceOrientationPortraitUpsideDown UIInterfaceOrientationLandscapeLeft UIInterfaceOrientationLandscapeRight";
				INFOPLIST_KEY_UISupportedInterfaceOrientations_iPhone = "UIInterfaceOrientationPortrait UIInterfaceOrientationLandscapeLeft UIInterfaceOrientationLandscapeRight";
				LD_RUNPATH_SEARCH_PATHS = (
					"$(inherited)",
					"@executable_path/Frameworks",
				);
				MARKETING_VERSION = 1.0;
				PRODUCT_BUNDLE_IDENTIFIER = com.ksa.Day4;
				PRODUCT_NAME = "$(TARGET_NAME)";
				SWIFT_EMIT_LOC_STRINGS = YES;
				SWIFT_VERSION = 5.0;
				TARGETED_DEVICE_FAMILY = "1,2";
			};
			name = Debug;
		};
		966F29E82AE0DAC6005D606B /* Release */ = {
			isa = XCBuildConfiguration;
			buildSettings = {
				ASSETCATALOG_COMPILER_APPICON_NAME = AppIcon;
				ASSETCATALOG_COMPILER_GLOBAL_ACCENT_COLOR_NAME = AccentColor;
				CODE_SIGN_STYLE = Automatic;
				CURRENT_PROJECT_VERSION = 1;
				DEVELOPMENT_TEAM = FZ22T3BM95;
				GENERATE_INFOPLIST_FILE = YES;
				INFOPLIST_FILE = Day4/Info.plist;
				INFOPLIST_KEY_UIApplicationSupportsIndirectInputEvents = YES;
				INFOPLIST_KEY_UILaunchStoryboardName = LaunchScreen;
				INFOPLIST_KEY_UIMainStoryboardFile = Main;
				INFOPLIST_KEY_UISupportedInterfaceOrientations_iPad = "UIInterfaceOrientationPortrait UIInterfaceOrientationPortraitUpsideDown UIInterfaceOrientationLandscapeLeft UIInterfaceOrientationLandscapeRight";
				INFOPLIST_KEY_UISupportedInterfaceOrientations_iPhone = "UIInterfaceOrientationPortrait UIInterfaceOrientationLandscapeLeft UIInterfaceOrientationLandscapeRight";
				LD_RUNPATH_SEARCH_PATHS = (
					"$(inherited)",
					"@executable_path/Frameworks",
				);
				MARKETING_VERSION = 1.0;
				PRODUCT_BUNDLE_IDENTIFIER = com.ksa.Day4;
				PRODUCT_NAME = "$(TARGET_NAME)";
				SWIFT_EMIT_LOC_STRINGS = YES;
				SWIFT_VERSION = 5.0;
				TARGETED_DEVICE_FAMILY = "1,2";
			};
			name = Release;
		};
		966F29EA2AE0DAC6005D606B /* Debug */ = {
			isa = XCBuildConfiguration;
			buildSettings = {
				ALWAYS_EMBED_SWIFT_STANDARD_LIBRARIES = YES;
				BUNDLE_LOADER = "$(TEST_HOST)";
				CODE_SIGN_STYLE = Automatic;
				CURRENT_PROJECT_VERSION = 1;
				DEVELOPMENT_TEAM = FZ22T3BM95;
				GENERATE_INFOPLIST_FILE = YES;
				IPHONEOS_DEPLOYMENT_TARGET = 17.0;
				MARKETING_VERSION = 1.0;
				PRODUCT_BUNDLE_IDENTIFIER = com.ksa.Day4Tests;
				PRODUCT_NAME = "$(TARGET_NAME)";
				SWIFT_EMIT_LOC_STRINGS = NO;
				SWIFT_VERSION = 5.0;
				TARGETED_DEVICE_FAMILY = "1,2";
				TEST_HOST = "$(BUILT_PRODUCTS_DIR)/Day4.app/$(BUNDLE_EXECUTABLE_FOLDER_PATH)/Day4";
			};
			name = Debug;
		};
		966F29EB2AE0DAC6005D606B /* Release */ = {
			isa = XCBuildConfiguration;
			buildSettings = {
				ALWAYS_EMBED_SWIFT_STANDARD_LIBRARIES = YES;
				BUNDLE_LOADER = "$(TEST_HOST)";
				CODE_SIGN_STYLE = Automatic;
				CURRENT_PROJECT_VERSION = 1;
				DEVELOPMENT_TEAM = FZ22T3BM95;
				GENERATE_INFOPLIST_FILE = YES;
				IPHONEOS_DEPLOYMENT_TARGET = 17.0;
				MARKETING_VERSION = 1.0;
				PRODUCT_BUNDLE_IDENTIFIER = com.ksa.Day4Tests;
				PRODUCT_NAME = "$(TARGET_NAME)";
				SWIFT_EMIT_LOC_STRINGS = NO;
				SWIFT_VERSION = 5.0;
				TARGETED_DEVICE_FAMILY = "1,2";
				TEST_HOST = "$(BUILT_PRODUCTS_DIR)/Day4.app/$(BUNDLE_EXECUTABLE_FOLDER_PATH)/Day4";
			};
			name = Release;
		};
		966F29ED2AE0DAC6005D606B /* Debug */ = {
			isa = XCBuildConfiguration;
			buildSettings = {
				ALWAYS_EMBED_SWIFT_STANDARD_LIBRARIES = YES;
				CODE_SIGN_STYLE = Automatic;
				CURRENT_PROJECT_VERSION = 1;
				DEVELOPMENT_TEAM = FZ22T3BM95;
				GENERATE_INFOPLIST_FILE = YES;
				MARKETING_VERSION = 1.0;
				PRODUCT_BUNDLE_IDENTIFIER = com.ksa.Day4UITests;
				PRODUCT_NAME = "$(TARGET_NAME)";
				SWIFT_EMIT_LOC_STRINGS = NO;
				SWIFT_VERSION = 5.0;
				TARGETED_DEVICE_FAMILY = "1,2";
				TEST_TARGET_NAME = Day4;
			};
			name = Debug;
		};
		966F29EE2AE0DAC6005D606B /* Release */ = {
			isa = XCBuildConfiguration;
			buildSettings = {
				ALWAYS_EMBED_SWIFT_STANDARD_LIBRARIES = YES;
				CODE_SIGN_STYLE = Automatic;
				CURRENT_PROJECT_VERSION = 1;
				DEVELOPMENT_TEAM = FZ22T3BM95;
				GENERATE_INFOPLIST_FILE = YES;
				MARKETING_VERSION = 1.0;
				PRODUCT_BUNDLE_IDENTIFIER = com.ksa.Day4UITests;
				PRODUCT_NAME = "$(TARGET_NAME)";
				SWIFT_EMIT_LOC_STRINGS = NO;
				SWIFT_VERSION = 5.0;
				TARGETED_DEVICE_FAMILY = "1,2";
				TEST_TARGET_NAME = Day4;
			};
			name = Release;
		};
/* End XCBuildConfiguration section */

/* Begin XCConfigurationList section */
		966F29B42AE0DAC5005D606B /* Build configuration list for PBXProject "Day4" */ = {
			isa = XCConfigurationList;
			buildConfigurations = (
				966F29E42AE0DAC6005D606B /* Debug */,
				966F29E52AE0DAC6005D606B /* Release */,
			);
			defaultConfigurationIsVisible = 0;
			defaultConfigurationName = Release;
		};
		966F29E62AE0DAC6005D606B /* Build configuration list for PBXNativeTarget "Day4" */ = {
			isa = XCConfigurationList;
			buildConfigurations = (
				966F29E72AE0DAC6005D606B /* Debug */,
				966F29E82AE0DAC6005D606B /* Release */,
			);
			defaultConfigurationIsVisible = 0;
			defaultConfigurationName = Release;
		};
		966F29E92AE0DAC6005D606B /* Build configuration list for PBXNativeTarget "Day4Tests" */ = {
			isa = XCConfigurationList;
			buildConfigurations = (
				966F29EA2AE0DAC6005D606B /* Debug */,
				966F29EB2AE0DAC6005D606B /* Release */,
			);
			defaultConfigurationIsVisible = 0;
			defaultConfigurationName = Release;
		};
		966F29EC2AE0DAC6005D606B /* Build configuration list for PBXNativeTarget "Day4UITests" */ = {
			isa = XCConfigurationList;
			buildConfigurations = (
				966F29ED2AE0DAC6005D606B /* Debug */,
				966F29EE2AE0DAC6005D606B /* Release */,
			);
			defaultConfigurationIsVisible = 0;
			defaultConfigurationName = Release;
		};
/* End XCConfigurationList section */

/* Begin XCVersionGroup section */
		966F29C52AE0DAC5005D606B /* Day4.xcdatamodeld */ = {
			isa = XCVersionGroup;
			children = (
				966F29C62AE0DAC5005D606B /* Day4.xcdatamodel */,
			);
			currentVersion = 966F29C62AE0DAC5005D606B /* Day4.xcdatamodel */;
			path = Day4.xcdatamodeld;
			sourceTree = "<group>";
			versionGroupType = wrapper.xcdatamodel;
		};
/* End XCVersionGroup section */
	};
	rootObject = 966F29B12AE0DAC5005D606B /* Project object */;
}
